
Microsoft Visual Studio Solution File, Format Version 12.00
# Visual Studio Version 16
VisualStudioVersion = 16.0.32126.315
MinimumVisualStudioVersion = 10.0.40219.1
Project("{FAE04EC0-301F-11D3-BF4B-00C04F79EFBC}") = "SampleApp", "SampleApp.csproj", "{1DDE2979-D909-46D6-B4B5-A8AB68CBC5BD}"
EndProject
Global
	GlobalSection(SolutionConfigurationPlatforms) = preSolution
		Debug|Any CPU = Debug|Any CPU
		Release|Any CPU = Release|Any CPU
	EndGlobalSection
	GlobalSection(ProjectConfigurationPlatforms) = postSolution
		{1DDE2979-D909-46D6-B4B5-A8AB68CBC5BD}.Debug|Any CPU.ActiveCfg = Debug|Any CPU
		{1DDE2979-D909-46D6-B4B5-A8AB68CBC5BD}.Debug|Any CPU.Build.0 = Debug|Any CPU
		{1DDE2979-D909-46D6-B4B5-A8AB68CBC5BD}.Release|Any CPU.ActiveCfg = Release|Any CPU
		{1DDE2979-D909-46D6-B4B5-A8AB68CBC5BD}.Release|Any CPU.Build.0 = Release|Any CPU
	EndGlobalSection
	GlobalSection(SolutionProperties) = preSolution
		HideSolutionNode = FALSE
	EndGlobalSection
	GlobalSection(ExtensibilityGlobals) = postSolution
		SolutionGuid = {A8776D65-35E9-467B-AB88-D45E267127A5}
	EndGlobalSection
EndGlobal
