
Microsoft Visual Studio Solution File, Format Version 12.00
# Visual Studio Version 16
VisualStudioVersion = 16.0.32126.315
MinimumVisualStudioVersion = 10.0.40219.1
Project("{FAE04EC0-301F-11D3-BF4B-00C04F79EFBC}") = "DummyProject.DataAccessLayer", "DummyProject.DataAccessLayer\DummyProject.DataAccessLayer.csproj", "{CDAE56AD-7F30-4043-9489-2202C0EF7C0E}"
EndProject
Project("{FAE04EC0-301F-11D3-BF4B-00C04F79EFBC}") = "DummyProject.BusinessModels", "DummyProject.BusinessModels\DummyProject.BusinessModels.csproj", "{BB58D3CD-4A1F-4365-A9B4-2062B150C309}"
EndProject
Project("{FAE04EC0-301F-11D3-BF4B-00C04F79EFBC}") = "DummyProject.ProductServiceApi", "DummyProject.ProductServiceApi\DummyProject.ProductServiceApi.csproj", "{05D69919-010D-49BB-943D-57850E3A94E4}"
EndProject
Global
	GlobalSection(SolutionConfigurationPlatforms) = preSolution
		Debug|Any CPU = Debug|Any CPU
		Release|Any CPU = Release|Any CPU
	EndGlobalSection
	GlobalSection(ProjectConfigurationPlatforms) = postSolution
		{CDAE56AD-7F30-4043-9489-2202C0EF7C0E}.Debug|Any CPU.ActiveCfg = Debug|Any CPU
		{CDAE56AD-7F30-4043-9489-2202C0EF7C0E}.Debug|Any CPU.Build.0 = Debug|Any CPU
		{CDAE56AD-7F30-4043-9489-2202C0EF7C0E}.Release|Any CPU.ActiveCfg = Release|Any CPU
		{CDAE56AD-7F30-4043-9489-2202C0EF7C0E}.Release|Any CPU.Build.0 = Release|Any CPU
		{BB58D3CD-4A1F-4365-A9B4-2062B150C309}.Debug|Any CPU.ActiveCfg = Debug|Any CPU
		{BB58D3CD-4A1F-4365-A9B4-2062B150C309}.Debug|Any CPU.Build.0 = Debug|Any CPU
		{BB58D3CD-4A1F-4365-A9B4-2062B150C309}.Release|Any CPU.ActiveCfg = Release|Any CPU
		{BB58D3CD-4A1F-4365-A9B4-2062B150C309}.Release|Any CPU.Build.0 = Release|Any CPU
		{05D69919-010D-49BB-943D-57850E3A94E4}.Debug|Any CPU.ActiveCfg = Debug|Any CPU
		{05D69919-010D-49BB-943D-57850E3A94E4}.Debug|Any CPU.Build.0 = Debug|Any CPU
		{05D69919-010D-49BB-943D-57850E3A94E4}.Release|Any CPU.ActiveCfg = Release|Any CPU
		{05D69919-010D-49BB-943D-57850E3A94E4}.Release|Any CPU.Build.0 = Release|Any CPU
	EndGlobalSection
	GlobalSection(SolutionProperties) = preSolution
		HideSolutionNode = FALSE
	EndGlobalSection
	GlobalSection(ExtensibilityGlobals) = postSolution
		SolutionGuid = {3A13DC35-25AA-41B8-A6A9-3F9DF7F1A44E}
	EndGlobalSection
EndGlobal
