
Microsoft Visual Studio Solution File, Format Version 12.00
# Visual Studio Version 17
VisualStudioVersion = 17.0.32126.317
MinimumVisualStudioVersion = 10.0.40219.1
Project("{FAE04EC0-301F-11D3-BF4B-00C04F79EFBC}") = "OnlineExamSystemApp", "OnlineExamSystemApp.csproj", "{954B2B30-153F-4405-BC07-4FF5117EC397}"
EndProject
Global
	GlobalSection(SolutionConfigurationPlatforms) = preSolution
		Debug|Any CPU = Debug|Any CPU
		Release|Any CPU = Release|Any CPU
	EndGlobalSection
	GlobalSection(ProjectConfigurationPlatforms) = postSolution
		{954B2B30-153F-4405-BC07-4FF5117EC397}.Debug|Any CPU.ActiveCfg = Debug|Any CPU
		{954B2B30-153F-4405-BC07-4FF5117EC397}.Debug|Any CPU.Build.0 = Debug|Any CPU
		{954B2B30-153F-4405-BC07-4FF5117EC397}.Release|Any CPU.ActiveCfg = Release|Any CPU
		{954B2B30-153F-4405-BC07-4FF5117EC397}.Release|Any CPU.Build.0 = Release|Any CPU
	EndGlobalSection
	GlobalSection(SolutionProperties) = preSolution
		HideSolutionNode = FALSE
	EndGlobalSection
	GlobalSection(ExtensibilityGlobals) = postSolution
		SolutionGuid = {D24929F1-F0E4-479A-BE8A-8A06EB8F703D}
	EndGlobalSection
EndGlobal
