
Microsoft Visual Studio Solution File, Format Version 12.00
# Visual Studio Version 16
VisualStudioVersion = 16.0.32126.315
MinimumVisualStudioVersion = 10.0.40219.1
Project("{FAE04EC0-301F-11D3-BF4B-00C04F79EFBC}") = "WebApplication1", "WebApplication1\WebApplication1.csproj", "{EE15BD82-CE08-49BF-8D13-CD194541B608}"
EndProject
Global
	GlobalSection(SolutionConfigurationPlatforms) = preSolution
		Debug|Any CPU = Debug|Any CPU
		Release|Any CPU = Release|Any CPU
	EndGlobalSection
	GlobalSection(ProjectConfigurationPlatforms) = postSolution
		{EE15BD82-CE08-49BF-8D13-CD194541B608}.Debug|Any CPU.ActiveCfg = Debug|Any CPU
		{EE15BD82-CE08-49BF-8D13-CD194541B608}.Debug|Any CPU.Build.0 = Debug|Any CPU
		{EE15BD82-CE08-49BF-8D13-CD194541B608}.Release|Any CPU.ActiveCfg = Release|Any CPU
		{EE15BD82-CE08-49BF-8D13-CD194541B608}.Release|Any CPU.Build.0 = Release|Any CPU
	EndGlobalSection
	GlobalSection(SolutionProperties) = preSolution
		HideSolutionNode = FALSE
	EndGlobalSection
	GlobalSection(ExtensibilityGlobals) = postSolution
		SolutionGuid = {E2966E00-4797-40CC-A577-A04EC007C789}
	EndGlobalSection
EndGlobal
