
Microsoft Visual Studio Solution File, Format Version 12.00
# Visual Studio Version 16
VisualStudioVersion = 16.0.32126.315
MinimumVisualStudioVersion = 10.0.40219.1
Project("{FAE04EC0-301F-11D3-BF4B-00C04F79EFBC}") = "EFDemo", "EFDemo\EFDemo.csproj", "{89FD2749-4B17-4D82-B51E-669D37CA8ED0}"
EndProject
Global
	GlobalSection(SolutionConfigurationPlatforms) = preSolution
		Debug|Any CPU = Debug|Any CPU
		Release|Any CPU = Release|Any CPU
	EndGlobalSection
	GlobalSection(ProjectConfigurationPlatforms) = postSolution
		{89FD2749-4B17-4D82-B51E-669D37CA8ED0}.Debug|Any CPU.ActiveCfg = Debug|Any CPU
		{89FD2749-4B17-4D82-B51E-669D37CA8ED0}.Debug|Any CPU.Build.0 = Debug|Any CPU
		{89FD2749-4B17-4D82-B51E-669D37CA8ED0}.Release|Any CPU.ActiveCfg = Release|Any CPU
		{89FD2749-4B17-4D82-B51E-669D37CA8ED0}.Release|Any CPU.Build.0 = Release|Any CPU
	EndGlobalSection
	GlobalSection(SolutionProperties) = preSolution
		HideSolutionNode = FALSE
	EndGlobalSection
	GlobalSection(ExtensibilityGlobals) = postSolution
		SolutionGuid = {E3C397E8-3320-4E0F-B7AA-48457908F20C}
	EndGlobalSection
EndGlobal
