
Microsoft Visual Studio Solution File, Format Version 12.00
# Visual Studio Version 16
VisualStudioVersion = 16.0.32126.315
MinimumVisualStudioVersion = 10.0.40219.1
Project("{FAE04EC0-301F-11D3-BF4B-00C04F79EFBC}") = "AuthService", "AuthService\AuthService.csproj", "{1FE6A8C9-3246-4DF1-B7E3-D98EF7C66FEE}"
EndProject
Global
	GlobalSection(SolutionConfigurationPlatforms) = preSolution
		Debug|Any CPU = Debug|Any CPU
		Release|Any CPU = Release|Any CPU
	EndGlobalSection
	GlobalSection(ProjectConfigurationPlatforms) = postSolution
		{1FE6A8C9-3246-4DF1-B7E3-D98EF7C66FEE}.Debug|Any CPU.ActiveCfg = Debug|Any CPU
		{1FE6A8C9-3246-4DF1-B7E3-D98EF7C66FEE}.Debug|Any CPU.Build.0 = Debug|Any CPU
		{1FE6A8C9-3246-4DF1-B7E3-D98EF7C66FEE}.Release|Any CPU.ActiveCfg = Release|Any CPU
		{1FE6A8C9-3246-4DF1-B7E3-D98EF7C66FEE}.Release|Any CPU.Build.0 = Release|Any CPU
	EndGlobalSection
	GlobalSection(SolutionProperties) = preSolution
		HideSolutionNode = FALSE
	EndGlobalSection
	GlobalSection(ExtensibilityGlobals) = postSolution
		SolutionGuid = {6C52582A-7EFD-45C7-A9F3-67A75D0B8E30}
	EndGlobalSection
EndGlobal
