
Microsoft Visual Studio Solution File, Format Version 12.00
# Visual Studio Version 16
VisualStudioVersion = 16.0.32126.315
MinimumVisualStudioVersion = 10.0.40219.1
Project("{FAE04EC0-301F-11D3-BF4B-00C04F79EFBC}") = "CompleteApp", "CompleteApp\CompleteApp.csproj", "{6436546E-510D-468C-805C-B8F149654AEF}"
EndProject
Global
	GlobalSection(SolutionConfigurationPlatforms) = preSolution
		Debug|Any CPU = Debug|Any CPU
		Release|Any CPU = Release|Any CPU
	EndGlobalSection
	GlobalSection(ProjectConfigurationPlatforms) = postSolution
		{6436546E-510D-468C-805C-B8F149654AEF}.Debug|Any CPU.ActiveCfg = Debug|Any CPU
		{6436546E-510D-468C-805C-B8F149654AEF}.Debug|Any CPU.Build.0 = Debug|Any CPU
		{6436546E-510D-468C-805C-B8F149654AEF}.Release|Any CPU.ActiveCfg = Release|Any CPU
		{6436546E-510D-468C-805C-B8F149654AEF}.Release|Any CPU.Build.0 = Release|Any CPU
	EndGlobalSection
	GlobalSection(SolutionProperties) = preSolution
		HideSolutionNode = FALSE
	EndGlobalSection
	GlobalSection(ExtensibilityGlobals) = postSolution
		SolutionGuid = {4AFC3AEB-2856-45F8-9520-A25E3BDF5383}
	EndGlobalSection
EndGlobal
