
Microsoft Visual Studio Solution File, Format Version 12.00
# Visual Studio Version 16
VisualStudioVersion = 16.0.32126.315
MinimumVisualStudioVersion = 10.0.40219.1
Project("{FAE04EC0-301F-11D3-BF4B-00C04F79EFBC}") = "InterfaceDemo", "InterfaceDemo\InterfaceDemo.csproj", "{56C50E50-8D86-4A01-B99C-4AF50CD17F4B}"
EndProject
Global
	GlobalSection(SolutionConfigurationPlatforms) = preSolution
		Debug|Any CPU = Debug|Any CPU
		Release|Any CPU = Release|Any CPU
	EndGlobalSection
	GlobalSection(ProjectConfigurationPlatforms) = postSolution
		{56C50E50-8D86-4A01-B99C-4AF50CD17F4B}.Debug|Any CPU.ActiveCfg = Debug|Any CPU
		{56C50E50-8D86-4A01-B99C-4AF50CD17F4B}.Debug|Any CPU.Build.0 = Debug|Any CPU
		{56C50E50-8D86-4A01-B99C-4AF50CD17F4B}.Release|Any CPU.ActiveCfg = Release|Any CPU
		{56C50E50-8D86-4A01-B99C-4AF50CD17F4B}.Release|Any CPU.Build.0 = Release|Any CPU
	EndGlobalSection
	GlobalSection(SolutionProperties) = preSolution
		HideSolutionNode = FALSE
	EndGlobalSection
	GlobalSection(ExtensibilityGlobals) = postSolution
		SolutionGuid = {413F0A23-9C16-4F16-818F-4D4BC8CE16B0}
	EndGlobalSection
EndGlobal
