
Microsoft Visual Studio Solution File, Format Version 12.00
# Visual Studio Version 16
VisualStudioVersion = 16.0.32126.315
MinimumVisualStudioVersion = 10.0.40219.1
Project("{FAE04EC0-301F-11D3-BF4B-00C04F79EFBC}") = "ControlFlowStatements", "ControlFlowStatements.csproj", "{D0D45B7B-4824-4261-8FC4-3CB3A42070AF}"
EndProject
Global
	GlobalSection(SolutionConfigurationPlatforms) = preSolution
		Debug|Any CPU = Debug|Any CPU
		Release|Any CPU = Release|Any CPU
	EndGlobalSection
	GlobalSection(ProjectConfigurationPlatforms) = postSolution
		{D0D45B7B-4824-4261-8FC4-3CB3A42070AF}.Debug|Any CPU.ActiveCfg = Debug|Any CPU
		{D0D45B7B-4824-4261-8FC4-3CB3A42070AF}.Debug|Any CPU.Build.0 = Debug|Any CPU
		{D0D45B7B-4824-4261-8FC4-3CB3A42070AF}.Release|Any CPU.ActiveCfg = Release|Any CPU
		{D0D45B7B-4824-4261-8FC4-3CB3A42070AF}.Release|Any CPU.Build.0 = Release|Any CPU
	EndGlobalSection
	GlobalSection(SolutionProperties) = preSolution
		HideSolutionNode = FALSE
	EndGlobalSection
	GlobalSection(ExtensibilityGlobals) = postSolution
		SolutionGuid = {A0E758B0-C11F-4569-AB50-932267C85DBB}
	EndGlobalSection
EndGlobal
